
Microsoft Visual Studio Solution File, Format Version 12.00
# Visual Studio 15
VisualStudioVersion = 15.0.27428.2011
MinimumVisualStudioVersion = 10.0.40219.1
Project("{FAE04EC0-301F-11D3-BF4B-00C04F79EFBC}") = "Players", "Players\Players.csproj", "{D2FD3822-5356-4DC9-BD4C-CFC915A594E1}"
EndProject
Project("{FAE04EC0-301F-11D3-BF4B-00C04F79EFBC}") = "Players.Tests", "Players.Tests\Players.Tests.csproj", "{E6B47615-D30D-44E6-9DED-DA6839AD461E}"
EndProject
Project("{FAE04EC0-301F-11D3-BF4B-00C04F79EFBC}") = "Players.Selenium", "Players.Selenium\Players.Selenium.csproj", "{8D2134D5-F313-4B55-A125-CAE0B8B00F59}"
EndProject
Project("{FAE04EC0-301F-11D3-BF4B-00C04F79EFBC}") = "Players.CodedUI", "Players.CodedUI\Players.CodedUI.csproj", "{B8EE1A1E-CDF1-4597-9263-C62C697BE37D}"
EndProject
Global
	GlobalSection(SolutionConfigurationPlatforms) = preSolution
		Debug|Any CPU = Debug|Any CPU
		Debug|ARM = Debug|ARM
		Debug|x64 = Debug|x64
		Debug|x86 = Debug|x86
		Release|Any CPU = Release|Any CPU
		Release|ARM = Release|ARM
		Release|x64 = Release|x64
		Release|x86 = Release|x86
	EndGlobalSection
	GlobalSection(ProjectConfigurationPlatforms) = postSolution
		{D2FD3822-5356-4DC9-BD4C-CFC915A594E1}.Debug|Any CPU.ActiveCfg = Debug|Any CPU
		{D2FD3822-5356-4DC9-BD4C-CFC915A594E1}.Debug|Any CPU.Build.0 = Debug|Any CPU
		{D2FD3822-5356-4DC9-BD4C-CFC915A594E1}.Debug|ARM.ActiveCfg = Debug|Any CPU
		{D2FD3822-5356-4DC9-BD4C-CFC915A594E1}.Debug|ARM.Build.0 = Debug|Any CPU
		{D2FD3822-5356-4DC9-BD4C-CFC915A594E1}.Debug|x64.ActiveCfg = Debug|Any CPU
		{D2FD3822-5356-4DC9-BD4C-CFC915A594E1}.Debug|x64.Build.0 = Debug|Any CPU
		{D2FD3822-5356-4DC9-BD4C-CFC915A594E1}.Debug|x86.ActiveCfg = Debug|Any CPU
		{D2FD3822-5356-4DC9-BD4C-CFC915A594E1}.Debug|x86.Build.0 = Debug|Any CPU
		{D2FD3822-5356-4DC9-BD4C-CFC915A594E1}.Release|Any CPU.ActiveCfg = Release|Any CPU
		{D2FD3822-5356-4DC9-BD4C-CFC915A594E1}.Release|Any CPU.Build.0 = Release|Any CPU
		{D2FD3822-5356-4DC9-BD4C-CFC915A594E1}.Release|ARM.ActiveCfg = Release|Any CPU
		{D2FD3822-5356-4DC9-BD4C-CFC915A594E1}.Release|ARM.Build.0 = Release|Any CPU
		{D2FD3822-5356-4DC9-BD4C-CFC915A594E1}.Release|x64.ActiveCfg = Release|Any CPU
		{D2FD3822-5356-4DC9-BD4C-CFC915A594E1}.Release|x64.Build.0 = Release|Any CPU
		{D2FD3822-5356-4DC9-BD4C-CFC915A594E1}.Release|x86.ActiveCfg = Release|Any CPU
		{D2FD3822-5356-4DC9-BD4C-CFC915A594E1}.Release|x86.Build.0 = Release|Any CPU
		{E6B47615-D30D-44E6-9DED-DA6839AD461E}.Debug|Any CPU.ActiveCfg = Debug|Any CPU
		{E6B47615-D30D-44E6-9DED-DA6839AD461E}.Debug|Any CPU.Build.0 = Debug|Any CPU
		{E6B47615-D30D-44E6-9DED-DA6839AD461E}.Debug|ARM.ActiveCfg = Debug|Any CPU
		{E6B47615-D30D-44E6-9DED-DA6839AD461E}.Debug|ARM.Build.0 = Debug|Any CPU
		{E6B47615-D30D-44E6-9DED-DA6839AD461E}.Debug|x64.ActiveCfg = Debug|Any CPU
		{E6B47615-D30D-44E6-9DED-DA6839AD461E}.Debug|x64.Build.0 = Debug|Any CPU
		{E6B47615-D30D-44E6-9DED-DA6839AD461E}.Debug|x86.ActiveCfg = Debug|Any CPU
		{E6B47615-D30D-44E6-9DED-DA6839AD461E}.Debug|x86.Build.0 = Debug|Any CPU
		{E6B47615-D30D-44E6-9DED-DA6839AD461E}.Release|Any CPU.ActiveCfg = Release|Any CPU
		{E6B47615-D30D-44E6-9DED-DA6839AD461E}.Release|Any CPU.Build.0 = Release|Any CPU
		{E6B47615-D30D-44E6-9DED-DA6839AD461E}.Release|ARM.ActiveCfg = Release|Any CPU
		{E6B47615-D30D-44E6-9DED-DA6839AD461E}.Release|ARM.Build.0 = Release|Any CPU
		{E6B47615-D30D-44E6-9DED-DA6839AD461E}.Release|x64.ActiveCfg = Release|Any CPU
		{E6B47615-D30D-44E6-9DED-DA6839AD461E}.Release|x64.Build.0 = Release|Any CPU
		{E6B47615-D30D-44E6-9DED-DA6839AD461E}.Release|x86.ActiveCfg = Release|Any CPU
		{E6B47615-D30D-44E6-9DED-DA6839AD461E}.Release|x86.Build.0 = Release|Any CPU
		{8D2134D5-F313-4B55-A125-CAE0B8B00F59}.Debug|Any CPU.ActiveCfg = Debug|Any CPU
		{8D2134D5-F313-4B55-A125-CAE0B8B00F59}.Debug|Any CPU.Build.0 = Debug|Any CPU
		{8D2134D5-F313-4B55-A125-CAE0B8B00F59}.Debug|ARM.ActiveCfg = Debug|Any CPU
		{8D2134D5-F313-4B55-A125-CAE0B8B00F59}.Debug|ARM.Build.0 = Debug|Any CPU
		{8D2134D5-F313-4B55-A125-CAE0B8B00F59}.Debug|x64.ActiveCfg = Debug|Any CPU
		{8D2134D5-F313-4B55-A125-CAE0B8B00F59}.Debug|x64.Build.0 = Debug|Any CPU
		{8D2134D5-F313-4B55-A125-CAE0B8B00F59}.Debug|x86.ActiveCfg = Debug|Any CPU
		{8D2134D5-F313-4B55-A125-CAE0B8B00F59}.Debug|x86.Build.0 = Debug|Any CPU
		{8D2134D5-F313-4B55-A125-CAE0B8B00F59}.Release|Any CPU.ActiveCfg = Release|Any CPU
		{8D2134D5-F313-4B55-A125-CAE0B8B00F59}.Release|Any CPU.Build.0 = Release|Any CPU
		{8D2134D5-F313-4B55-A125-CAE0B8B00F59}.Release|ARM.ActiveCfg = Release|Any CPU
		{8D2134D5-F313-4B55-A125-CAE0B8B00F59}.Release|ARM.Build.0 = Release|Any CPU
		{8D2134D5-F313-4B55-A125-CAE0B8B00F59}.Release|x64.ActiveCfg = Release|Any CPU
		{8D2134D5-F313-4B55-A125-CAE0B8B00F59}.Release|x64.Build.0 = Release|Any CPU
		{8D2134D5-F313-4B55-A125-CAE0B8B00F59}.Release|x86.ActiveCfg = Release|Any CPU
		{8D2134D5-F313-4B55-A125-CAE0B8B00F59}.Release|x86.Build.0 = Release|Any CPU
		{B8EE1A1E-CDF1-4597-9263-C62C697BE37D}.Debug|Any CPU.ActiveCfg = Debug|Any CPU
		{B8EE1A1E-CDF1-4597-9263-C62C697BE37D}.Debug|Any CPU.Build.0 = Debug|Any CPU
		{B8EE1A1E-CDF1-4597-9263-C62C697BE37D}.Debug|ARM.ActiveCfg = Debug|Any CPU
		{B8EE1A1E-CDF1-4597-9263-C62C697BE37D}.Debug|ARM.Build.0 = Debug|Any CPU
		{B8EE1A1E-CDF1-4597-9263-C62C697BE37D}.Debug|x64.ActiveCfg = Debug|Any CPU
		{B8EE1A1E-CDF1-4597-9263-C62C697BE37D}.Debug|x64.Build.0 = Debug|Any CPU
		{B8EE1A1E-CDF1-4597-9263-C62C697BE37D}.Debug|x86.ActiveCfg = Debug|Any CPU
		{B8EE1A1E-CDF1-4597-9263-C62C697BE37D}.Debug|x86.Build.0 = Debug|Any CPU
		{B8EE1A1E-CDF1-4597-9263-C62C697BE37D}.Release|Any CPU.ActiveCfg = Release|Any CPU
		{B8EE1A1E-CDF1-4597-9263-C62C697BE37D}.Release|Any CPU.Build.0 = Release|Any CPU
		{B8EE1A1E-CDF1-4597-9263-C62C697BE37D}.Release|ARM.ActiveCfg = Release|Any CPU
		{B8EE1A1E-CDF1-4597-9263-C62C697BE37D}.Release|ARM.Build.0 = Release|Any CPU
		{B8EE1A1E-CDF1-4597-9263-C62C697BE37D}.Release|x64.ActiveCfg = Release|Any CPU
		{B8EE1A1E-CDF1-4597-9263-C62C697BE37D}.Release|x64.Build.0 = Release|Any CPU
		{B8EE1A1E-CDF1-4597-9263-C62C697BE37D}.Release|x86.ActiveCfg = Release|Any CPU
		{B8EE1A1E-CDF1-4597-9263-C62C697BE37D}.Release|x86.Build.0 = Release|Any CPU
	EndGlobalSection
	GlobalSection(SolutionProperties) = preSolution
		HideSolutionNode = FALSE
	EndGlobalSection
	GlobalSection(ExtensibilityGlobals) = postSolution
		SolutionGuid = {174857FD-31E5-4124-BEB2-56D4957BFF67}
	EndGlobalSection
EndGlobal
